<?xml version="1.0" encoding="utf-8"?>
<Project ToolsVersion="4.0" xmlns="http://schemas.microsoft.com/developer/msbuild/2003">
  <ItemGroup>
    <ClInclude Include="comPtr.h" />
    <ClInclude Include="window.h" />
    <ClInclude Include="customButton.h" />
    <ClInclude Include="threadPool.h" />
    <ClInclude Include="handle.h" />
  </ItemGroup>
  <ItemGroup>
    <ClCompile Include="window.cpp" />
    <ClCompile Include="customButton.cpp" />
    <ClCompile Include="handle.cpp" />
  </ItemGroup>
</Project>