
Microsoft Visual Studio Solution File, Format Version 12.00
# Visual Studio Version 16
VisualStudioVersion = 16.0.31205.134
MinimumVisualStudioVersion = 10.0.40219.1
Project("{8BC9CEB8-8B4A-11D0-8D11-00A0C91BC942}") = "window", "window\window.vcxproj", "{8597BA6F-7396-4F77-B5D6-47807E4DC13B}"
EndProject
Project("{8BC9CEB8-8B4A-11D0-8D11-00A0C91BC942}") = "windowLib", "windowLib\windowLib.vcxproj", "{D5DA7DFC-7EF4-4304-8751-0BD35EAF6536}"
EndProject
Global
	GlobalSection(SolutionConfigurationPlatforms) = preSolution
		Debug|Any CPU = Debug|Any CPU
		Debug|x64 = Debug|x64
		Release|Any CPU = Release|Any CPU
		Release|x64 = Release|x64
	EndGlobalSection
	GlobalSection(ProjectConfigurationPlatforms) = postSolution
		{8597BA6F-7396-4F77-B5D6-47807E4DC13B}.Debug|Any CPU.ActiveCfg = Debug|x64
		{8597BA6F-7396-4F77-B5D6-47807E4DC13B}.Debug|x64.ActiveCfg = Debug|x64
		{8597BA6F-7396-4F77-B5D6-47807E4DC13B}.Debug|x64.Build.0 = Debug|x64
		{8597BA6F-7396-4F77-B5D6-47807E4DC13B}.Release|Any CPU.ActiveCfg = Release|x64
		{8597BA6F-7396-4F77-B5D6-47807E4DC13B}.Release|x64.ActiveCfg = Release|x64
		{8597BA6F-7396-4F77-B5D6-47807E4DC13B}.Release|x64.Build.0 = Release|x64
		{D5DA7DFC-7EF4-4304-8751-0BD35EAF6536}.Debug|Any CPU.ActiveCfg = Debug|x64
		{D5DA7DFC-7EF4-4304-8751-0BD35EAF6536}.Debug|x64.ActiveCfg = Debug|x64
		{D5DA7DFC-7EF4-4304-8751-0BD35EAF6536}.Debug|x64.Build.0 = Debug|x64
		{D5DA7DFC-7EF4-4304-8751-0BD35EAF6536}.Release|Any CPU.ActiveCfg = Release|x64
		{D5DA7DFC-7EF4-4304-8751-0BD35EAF6536}.Release|x64.ActiveCfg = Release|x64
		{D5DA7DFC-7EF4-4304-8751-0BD35EAF6536}.Release|x64.Build.0 = Release|x64
	EndGlobalSection
	GlobalSection(SolutionProperties) = preSolution
		HideSolutionNode = FALSE
	EndGlobalSection
	GlobalSection(ExtensibilityGlobals) = postSolution
		SolutionGuid = {4B9E9978-2928-4F9B-A385-A9E5A5F25358}
	EndGlobalSection
EndGlobal
